
Microsoft Visual Studio Solution File, Format Version 12.00
# Visual Studio Version 17
VisualStudioVersion = 17.14.37111.16 d17.14
MinimumVisualStudioVersion = 10.0.40219.1
Project("{FAE04EC0-301F-11D3-BF4B-00C04F79EFBC}") = "дээм", "дээм\дээм.csproj", "{360F1DA6-FA64-4B89-B63D-68A73796D031}"
EndProject
Global
	GlobalSection(SolutionConfigurationPlatforms) = preSolution
		Debug|Any CPU = Debug|Any CPU
		Release|Any CPU = Release|Any CPU
	EndGlobalSection
	GlobalSection(ProjectConfigurationPlatforms) = postSolution
		{360F1DA6-FA64-4B89-B63D-68A73796D031}.Debug|Any CPU.ActiveCfg = Debug|Any CPU
		{360F1DA6-FA64-4B89-B63D-68A73796D031}.Debug|Any CPU.Build.0 = Debug|Any CPU
		{360F1DA6-FA64-4B89-B63D-68A73796D031}.Release|Any CPU.ActiveCfg = Release|Any CPU
		{360F1DA6-FA64-4B89-B63D-68A73796D031}.Release|Any CPU.Build.0 = Release|Any CPU
	EndGlobalSection
	GlobalSection(SolutionProperties) = preSolution
		HideSolutionNode = FALSE
	EndGlobalSection
	GlobalSection(ExtensibilityGlobals) = postSolution
		SolutionGuid = {41458C0F-1BBB-4F4C-891A-8CAD41066A14}
	EndGlobalSection
EndGlobal
